
Microsoft Visual Studio Solution File, Format Version 12.00
# Visual Studio 15
VisualStudioVersion = 15.0.27428.2027
MinimumVisualStudioVersion = 10.0.40219.1
Project("{FAE04EC0-301F-11D3-BF4B-00C04F79EFBC}") = "SistemaControlAeroeste2", "SistemaControlAeroeste2\SistemaControlAeroeste2.csproj", "{0DC01DAD-BE5E-42EF-AC60-0E8D2D9E7079}"
EndProject
Global
	GlobalSection(SolutionConfigurationPlatforms) = preSolution
		Debug|Any CPU = Debug|Any CPU
		Release|Any CPU = Release|Any CPU
	EndGlobalSection
	GlobalSection(ProjectConfigurationPlatforms) = postSolution
		{0DC01DAD-BE5E-42EF-AC60-0E8D2D9E7079}.Debug|Any CPU.ActiveCfg = Debug|Any CPU
		{0DC01DAD-BE5E-42EF-AC60-0E8D2D9E7079}.Debug|Any CPU.Build.0 = Debug|Any CPU
		{0DC01DAD-BE5E-42EF-AC60-0E8D2D9E7079}.Release|Any CPU.ActiveCfg = Release|Any CPU
		{0DC01DAD-BE5E-42EF-AC60-0E8D2D9E7079}.Release|Any CPU.Build.0 = Release|Any CPU
	EndGlobalSection
	GlobalSection(SolutionProperties) = preSolution
		HideSolutionNode = FALSE
	EndGlobalSection
	GlobalSection(ExtensibilityGlobals) = postSolution
		SolutionGuid = {654F5702-82C1-4EE6-9311-B07D5F68D0EA}
	EndGlobalSection
EndGlobal
